
Microsoft Visual Studio Solution File, Format Version 12.00
# Visual Studio 2013
VisualStudioVersion = 12.0.40629.0
MinimumVisualStudioVersion = 10.0.40219.1
Project("{FAE04EC0-301F-11D3-BF4B-00C04F79EFBC}") = "InventorySystem", "InventorySystem\InventorySystem.csproj", "{D01FE21A-8CB8-4F63-BB5B-BC505D3A90ED}"
EndProject
Project("{FAE04EC0-301F-11D3-BF4B-00C04F79EFBC}") = "InventorySystem.Tests", "InventorySystem.Tests\InventorySystem.Tests.csproj", "{62A6AF2D-C20C-41F0-BA6B-0B8989F44AE9}"
EndProject
Global
	GlobalSection(SolutionConfigurationPlatforms) = preSolution
		Debug|Any CPU = Debug|Any CPU
		Release|Any CPU = Release|Any CPU
	EndGlobalSection
	GlobalSection(ProjectConfigurationPlatforms) = postSolution
		{D01FE21A-8CB8-4F63-BB5B-BC505D3A90ED}.Debug|Any CPU.ActiveCfg = Debug|Any CPU
		{D01FE21A-8CB8-4F63-BB5B-BC505D3A90ED}.Debug|Any CPU.Build.0 = Debug|Any CPU
		{D01FE21A-8CB8-4F63-BB5B-BC505D3A90ED}.Release|Any CPU.ActiveCfg = Release|Any CPU
		{D01FE21A-8CB8-4F63-BB5B-BC505D3A90ED}.Release|Any CPU.Build.0 = Release|Any CPU
		{62A6AF2D-C20C-41F0-BA6B-0B8989F44AE9}.Debug|Any CPU.ActiveCfg = Debug|Any CPU
		{62A6AF2D-C20C-41F0-BA6B-0B8989F44AE9}.Debug|Any CPU.Build.0 = Debug|Any CPU
		{62A6AF2D-C20C-41F0-BA6B-0B8989F44AE9}.Release|Any CPU.ActiveCfg = Release|Any CPU
		{62A6AF2D-C20C-41F0-BA6B-0B8989F44AE9}.Release|Any CPU.Build.0 = Release|Any CPU
	EndGlobalSection
	GlobalSection(SolutionProperties) = preSolution
		HideSolutionNode = FALSE
	EndGlobalSection
EndGlobal
